{
  "name": "api-gateway",
  "lockfileVersion": 3,
  "requires": true,
  "packages": {
    "": {
      "name": "api-gateway",
      "dependencies": {
        "@hono/node-server": "^2.0.2",
        "hono": "^4.12.18"
      }
    },
    "node_modules/@hono/node-server": {
      "version": "2.0.2",
      "resolved": "https://registry.npmjs.org/@hono/node-server/-/node-server-2.0.2.tgz",
      "integrity": "sha512-tXlTi1h/4V7sDe7i97IVP+9re9ZU7wXZZggnR5ucCRclf1+AX6YhGStrR5w8bLj+3Mlyl0pKfBh9gqTqqnGKfQ==",
      "license": "MIT",
      "engines": {
        "node": ">=20"
      },
      "peerDependencies": {
        "hono": "^4"
      }
    },
    "node_modules/hono": {
      "version": "4.12.18",
      "resolved": "https://registry.npmjs.org/hono/-/hono-4.12.18.tgz",
      "integrity": "sha512-RWzP96k/yv0PQfyXnWjs6zot20TqfpfsNXhOnev8d1InAxubW93L11/oNUc3tQqn2G0bSdAOBpX+2uDFHV7kdQ==",
      "license": "MIT",
      "engines": {
        "node": ">=16.9.0"
      }
    }
  }
}
